
Microsoft Visual Studio Solution File, Format Version 12.00
# Visual Studio Version 17
VisualStudioVersion = 17.9.34701.34
MinimumVisualStudioVersion = 10.0.40219.1
Project("{9A19103F-16F7-4668-BE54-9A1E7A4F7556}") = "AppEmpreza.Entidades", "AppEmpreza.Entidades\AppEmpreza.Entidades.csproj", "{9BEE218D-CAD4-4255-8841-30885A47EE51}"
EndProject
Project("{9A19103F-16F7-4668-BE54-9A1E7A4F7556}") = "AppEmpreza.API", "AppEmpreza.API\AppEmpreza.API.csproj", "{C178F6F1-767C-4BDC-8E09-C970F27D0589}"
EndProject
Project("{FAE04EC0-301F-11D3-BF4B-00C04F79EFBC}") = "AppEmpresza.MVC", "AppEmpresza.MVC\AppEmpresza.MVC.csproj", "{22622398-8AC7-4BD9-9331-66BBC7A0F92B}"
EndProject
Project("{FAE04EC0-301F-11D3-BF4B-00C04F79EFBC}") = "AppEmpreza.ConsumeAPI", "AppEmpreza.ConsumeAPI\AppEmpreza.ConsumeAPI.csproj", "{AE610026-352E-49F2-827A-87BADC203352}"
EndProject
Global
	GlobalSection(SolutionConfigurationPlatforms) = preSolution
		Debug|Any CPU = Debug|Any CPU
		Release|Any CPU = Release|Any CPU
	EndGlobalSection
	GlobalSection(ProjectConfigurationPlatforms) = postSolution
		{9BEE218D-CAD4-4255-8841-30885A47EE51}.Debug|Any CPU.ActiveCfg = Debug|Any CPU
		{9BEE218D-CAD4-4255-8841-30885A47EE51}.Debug|Any CPU.Build.0 = Debug|Any CPU
		{9BEE218D-CAD4-4255-8841-30885A47EE51}.Release|Any CPU.ActiveCfg = Release|Any CPU
		{9BEE218D-CAD4-4255-8841-30885A47EE51}.Release|Any CPU.Build.0 = Release|Any CPU
		{C178F6F1-767C-4BDC-8E09-C970F27D0589}.Debug|Any CPU.ActiveCfg = Debug|Any CPU
		{C178F6F1-767C-4BDC-8E09-C970F27D0589}.Debug|Any CPU.Build.0 = Debug|Any CPU
		{C178F6F1-767C-4BDC-8E09-C970F27D0589}.Release|Any CPU.ActiveCfg = Release|Any CPU
		{C178F6F1-767C-4BDC-8E09-C970F27D0589}.Release|Any CPU.Build.0 = Release|Any CPU
		{22622398-8AC7-4BD9-9331-66BBC7A0F92B}.Debug|Any CPU.ActiveCfg = Debug|Any CPU
		{22622398-8AC7-4BD9-9331-66BBC7A0F92B}.Debug|Any CPU.Build.0 = Debug|Any CPU
		{22622398-8AC7-4BD9-9331-66BBC7A0F92B}.Release|Any CPU.ActiveCfg = Release|Any CPU
		{22622398-8AC7-4BD9-9331-66BBC7A0F92B}.Release|Any CPU.Build.0 = Release|Any CPU
		{AE610026-352E-49F2-827A-87BADC203352}.Debug|Any CPU.ActiveCfg = Debug|Any CPU
		{AE610026-352E-49F2-827A-87BADC203352}.Debug|Any CPU.Build.0 = Debug|Any CPU
		{AE610026-352E-49F2-827A-87BADC203352}.Release|Any CPU.ActiveCfg = Release|Any CPU
		{AE610026-352E-49F2-827A-87BADC203352}.Release|Any CPU.Build.0 = Release|Any CPU
	EndGlobalSection
	GlobalSection(SolutionProperties) = preSolution
		HideSolutionNode = FALSE
	EndGlobalSection
	GlobalSection(ExtensibilityGlobals) = postSolution
		SolutionGuid = {6FC5427A-BD26-49C9-B306-BCB0B75FEB1B}
	EndGlobalSection
EndGlobal
